// !$*UTF8*$!
{
	archiveVersion = 1;
	classes = {
	};
	objectVersion = 56;
	objects = {

/* Begin PBXBuildFile section */
		ECA1CF6D28E5FAA500FBD898 /* HeaderCollectionReusableView.swift in Sources */ = {isa = PBXBuildFile; fileRef = ECA1CF6C28E5FAA500FBD898 /* HeaderCollectionReusableView.swift */; };
		ECA391AA28E4BC99002AF5FD /* ListItem.swift in Sources */ = {isa = PBXBuildFile; fileRef = ECA391A928E4BC99002AF5FD /* ListItem.swift */; };
		ECA391AC28E4BCE9002AF5FD /* ListSection.swift in Sources */ = {isa = PBXBuildFile; fileRef = ECA391AB28E4BCE9002AF5FD /* ListSection.swift */; };
		ECA391AE28E4BF15002AF5FD /* MockData.swift in Sources */ = {isa = PBXBuildFile; fileRef = ECA391AD28E4BF15002AF5FD /* MockData.swift */; };
		ECA391B128E4C99B002AF5FD /* SaleCollectionViewCell.swift in Sources */ = {isa = PBXBuildFile; fileRef = ECA391B028E4C99B002AF5FD /* SaleCollectionViewCell.swift */; };
		ECA391B328E4C9AF002AF5FD /* CategoryCollectionViewCell.swift in Sources */ = {isa = PBXBuildFile; fileRef = ECA391B228E4C9AF002AF5FD /* CategoryCollectionViewCell.swift */; };
		ECA391B528E4C9BD002AF5FD /* ExampleCollectionViewCell.swift in Sources */ = {isa = PBXBuildFile; fileRef = ECA391B428E4C9BD002AF5FD /* ExampleCollectionViewCell.swift */; };
		ECBCEEC628E4B38300E62E4C /* AppDelegate.swift in Sources */ = {isa = PBXBuildFile; fileRef = ECBCEEC528E4B38300E62E4C /* AppDelegate.swift */; };
		ECBCEEC828E4B38300E62E4C /* SceneDelegate.swift in Sources */ = {isa = PBXBuildFile; fileRef = ECBCEEC728E4B38300E62E4C /* SceneDelegate.swift */; };
		ECBCEECA28E4B38300E62E4C /* ViewController.swift in Sources */ = {isa = PBXBuildFile; fileRef = ECBCEEC928E4B38300E62E4C /* ViewController.swift */; };
		ECBCEECF28E4B38400E62E4C /* Assets.xcassets in Resources */ = {isa = PBXBuildFile; fileRef = ECBCEECE28E4B38400E62E4C /* Assets.xcassets */; };
		ECBCEED228E4B38400E62E4C /* LaunchScreen.storyboard in Resources */ = {isa = PBXBuildFile; fileRef = ECBCEED028E4B38400E62E4C /* LaunchScreen.storyboard */; };
/* End PBXBuildFile section */

/* Begin PBXFileReference section */
		ECA1CF6C28E5FAA500FBD898 /* HeaderCollectionReusableView.swift */ = {isa = PBXFileReference; lastKnownFileType = sourcecode.swift; path = HeaderCollectionReusableView.swift; sourceTree = "<group>"; };
		ECA391A928E4BC99002AF5FD /* ListItem.swift */ = {isa = PBXFileReference; lastKnownFileType = sourcecode.swift; path = ListItem.swift; sourceTree = "<group>"; };
		ECA391AB28E4BCE9002AF5FD /* ListSection.swift */ = {isa = PBXFileReference; lastKnownFileType = sourcecode.swift; path = ListSection.swift; sourceTree = "<group>"; };
		ECA391AD28E4BF15002AF5FD /* MockData.swift */ = {isa = PBXFileReference; lastKnownFileType = sourcecode.swift; path = MockData.swift; sourceTree = "<group>"; };
		ECA391B028E4C99B002AF5FD /* SaleCollectionViewCell.swift */ = {isa = PBXFileReference; lastKnownFileType = sourcecode.swift; path = SaleCollectionViewCell.swift; sourceTree = "<group>"; };
		ECA391B228E4C9AF002AF5FD /* CategoryCollectionViewCell.swift */ = {isa = PBXFileReference; lastKnownFileType = sourcecode.swift; path = CategoryCollectionViewCell.swift; sourceTree = "<group>"; };
		ECA391B428E4C9BD002AF5FD /* ExampleCollectionViewCell.swift */ = {isa = PBXFileReference; lastKnownFileType = sourcecode.swift; path = ExampleCollectionViewCell.swift; sourceTree = "<group>"; };
		ECBCEEC228E4B38300E62E4C /* CompositionalLayout.app */ = {isa = PBXFileReference; explicitFileType = wrapper.application; includeInIndex = 0; path = CompositionalLayout.app; sourceTree = BUILT_PRODUCTS_DIR; };
		ECBCEEC528E4B38300E62E4C /* AppDelegate.swift */ = {isa = PBXFileReference; lastKnownFileType = sourcecode.swift; path = AppDelegate.swift; sourceTree = "<group>"; };
		ECBCEEC728E4B38300E62E4C /* SceneDelegate.swift */ = {isa = PBXFileReference; lastKnownFileType = sourcecode.swift; path = SceneDelegate.swift; sourceTree = "<group>"; };
		ECBCEEC928E4B38300E62E4C /* ViewController.swift */ = {isa = PBXFileReference; lastKnownFileType = sourcecode.swift; path = ViewController.swift; sourceTree = "<group>"; };
		ECBCEECE28E4B38400E62E4C /* Assets.xcassets */ = {isa = PBXFileReference; lastKnownFileType = folder.assetcatalog; path = Assets.xcassets; sourceTree = "<group>"; };
		ECBCEED128E4B38400E62E4C /* Base */ = {isa = PBXFileReference; lastKnownFileType = file.storyboard; name = Base; path = Base.lproj/LaunchScreen.storyboard; sourceTree = "<group>"; };
		ECBCEED328E4B38400E62E4C /* Info.plist */ = {isa = PBXFileReference; lastKnownFileType = text.plist.xml; path = Info.plist; sourceTree = "<group>"; };
/* End PBXFileReference section */

/* Begin PBXFrameworksBuildPhase section */
		ECBCEEBF28E4B38300E62E4C /* Frameworks */ = {
			isa = PBXFrameworksBuildPhase;
			buildActionMask = 2147483647;
			files = (
			);
			runOnlyForDeploymentPostprocessing = 0;
		};
/* End PBXFrameworksBuildPhase section */

/* Begin PBXGroup section */
		ECA391A728E4BA0A002AF5FD /* Application */ = {
			isa = PBXGroup;
			children = (
				ECBCEEC528E4B38300E62E4C /* AppDelegate.swift */,
				ECBCEEC728E4B38300E62E4C /* SceneDelegate.swift */,
			);
			path = Application;
			sourceTree = "<group>";
		};
		ECA391A828E4BA1F002AF5FD /* Resources */ = {
			isa = PBXGroup;
			children = (
				ECBCEECE28E4B38400E62E4C /* Assets.xcassets */,
				ECBCEED028E4B38400E62E4C /* LaunchScreen.storyboard */,
				ECBCEED328E4B38400E62E4C /* Info.plist */,
			);
			path = Resources;
			sourceTree = "<group>";
		};
		ECA391AF28E4C96D002AF5FD /* Cells */ = {
			isa = PBXGroup;
			children = (
				ECA391B028E4C99B002AF5FD /* SaleCollectionViewCell.swift */,
				ECA391B228E4C9AF002AF5FD /* CategoryCollectionViewCell.swift */,
				ECA391B428E4C9BD002AF5FD /* ExampleCollectionViewCell.swift */,
				ECA1CF6C28E5FAA500FBD898 /* HeaderCollectionReusableView.swift */,
			);
			path = Cells;
			sourceTree = "<group>";
		};
		ECBCEEB928E4B38300E62E4C = {
			isa = PBXGroup;
			children = (
				ECBCEEC428E4B38300E62E4C /* CompositionalLayout */,
				ECBCEEC328E4B38300E62E4C /* Products */,
			);
			sourceTree = "<group>";
		};
		ECBCEEC328E4B38300E62E4C /* Products */ = {
			isa = PBXGroup;
			children = (
				ECBCEEC228E4B38300E62E4C /* CompositionalLayout.app */,
			);
			name = Products;
			sourceTree = "<group>";
		};
		ECBCEEC428E4B38300E62E4C /* CompositionalLayout */ = {
			isa = PBXGroup;
			children = (
				ECA391A728E4BA0A002AF5FD /* Application */,
				ECA391AF28E4C96D002AF5FD /* Cells */,
				ECBCEEC928E4B38300E62E4C /* ViewController.swift */,
				ECA391A928E4BC99002AF5FD /* ListItem.swift */,
				ECA391AB28E4BCE9002AF5FD /* ListSection.swift */,
				ECA391AD28E4BF15002AF5FD /* MockData.swift */,
				ECA391A828E4BA1F002AF5FD /* Resources */,
			);
			path = CompositionalLayout;
			sourceTree = "<group>";
		};
/* End PBXGroup section */

/* Begin PBXNativeTarget section */
		ECBCEEC128E4B38300E62E4C /* CompositionalLayout */ = {
			isa = PBXNativeTarget;
			buildConfigurationList = ECBCEED628E4B38400E62E4C /* Build configuration list for PBXNativeTarget "CompositionalLayout" */;
			buildPhases = (
				ECBCEEBE28E4B38300E62E4C /* Sources */,
				ECBCEEBF28E4B38300E62E4C /* Frameworks */,
				ECBCEEC028E4B38300E62E4C /* Resources */,
			);
			buildRules = (
			);
			dependencies = (
			);
			name = CompositionalLayout;
			productName = CompositionalLayout;
			productReference = ECBCEEC228E4B38300E62E4C /* CompositionalLayout.app */;
			productType = "com.apple.product-type.application";
		};
/* End PBXNativeTarget section */

/* Begin PBXProject section */
		ECBCEEBA28E4B38300E62E4C /* Project object */ = {
			isa = PBXProject;
			attributes = {
				BuildIndependentTargetsInParallel = 1;
				LastSwiftUpdateCheck = 1400;
				LastUpgradeCheck = 1400;
				TargetAttributes = {
					ECBCEEC128E4B38300E62E4C = {
						CreatedOnToolsVersion = 14.0.1;
					};
				};
			};
			buildConfigurationList = ECBCEEBD28E4B38300E62E4C /* Build configuration list for PBXProject "CompositionalLayout" */;
			compatibilityVersion = "Xcode 14.0";
			developmentRegion = en;
			hasScannedForEncodings = 0;
			knownRegions = (
				en,
				Base,
			);
			mainGroup = ECBCEEB928E4B38300E62E4C;
			productRefGroup = ECBCEEC328E4B38300E62E4C /* Products */;
			projectDirPath = "";
			projectRoot = "";
			targets = (
				ECBCEEC128E4B38300E62E4C /* CompositionalLayout */,
			);
		};
/* End PBXProject section */

/* Begin PBXResourcesBuildPhase section */
		ECBCEEC028E4B38300E62E4C /* Resources */ = {
			isa = PBXResourcesBuildPhase;
			buildActionMask = 2147483647;
			files = (
				ECBCEED228E4B38400E62E4C /* LaunchScreen.storyboard in Resources */,
				ECBCEECF28E4B38400E62E4C /* Assets.xcassets in Resources */,
			);
			runOnlyForDeploymentPostprocessing = 0;
		};
/* End PBXResourcesBuildPhase section */

/* Begin PBXSourcesBuildPhase section */
		ECBCEEBE28E4B38300E62E4C /* Sources */ = {
			isa = PBXSourcesBuildPhase;
			buildActionMask = 2147483647;
			files = (
				ECA391B328E4C9AF002AF5FD /* CategoryCollectionViewCell.swift in Sources */,
				ECA391AA28E4BC99002AF5FD /* ListItem.swift in Sources */,
				ECA391AE28E4BF15002AF5FD /* MockData.swift in Sources */,
				ECBCEECA28E4B38300E62E4C /* ViewController.swift in Sources */,
				ECA391B128E4C99B002AF5FD /* SaleCollectionViewCell.swift in Sources */,
				ECBCEEC628E4B38300E62E4C /* AppDelegate.swift in Sources */,
				ECA391B528E4C9BD002AF5FD /* ExampleCollectionViewCell.swift in Sources */,
				ECBCEEC828E4B38300E62E4C /* SceneDelegate.swift in Sources */,
				ECA1CF6D28E5FAA500FBD898 /* HeaderCollectionReusableView.swift in Sources */,
				ECA391AC28E4BCE9002AF5FD /* ListSection.swift in Sources */,
			);
			runOnlyForDeploymentPostprocessing = 0;
		};
/* End PBXSourcesBuildPhase section */

/* Begin PBXVariantGroup section */
		ECBCEED028E4B38400E62E4C /* LaunchScreen.storyboard */ = {
			isa = PBXVariantGroup;
			children = (
				ECBCEED128E4B38400E62E4C /* Base */,
			);
			name = LaunchScreen.storyboard;
			sourceTree = "<group>";
		};
/* End PBXVariantGroup section */

/* Begin XCBuildConfiguration section */
		ECBCEED428E4B38400E62E4C /* Debug */ = {
			isa = XCBuildConfiguration;
			buildSettings = {
				ALWAYS_SEARCH_USER_PATHS = NO;
				CLANG_ANALYZER_NONNULL = YES;
				CLANG_ANALYZER_NUMBER_OBJECT_CONVERSION = YES_AGGRESSIVE;
				CLANG_CXX_LANGUAGE_STANDARD = "gnu++20";
				CLANG_ENABLE_MODULES = YES;
				CLANG_ENABLE_OBJC_ARC = YES;
				CLANG_ENABLE_OBJC_WEAK = YES;
				CLANG_WARN_BLOCK_CAPTURE_AUTORELEASING = YES;
				CLANG_WARN_BOOL_CONVERSION = YES;
				CLANG_WARN_COMMA = YES;
				CLANG_WARN_CONSTANT_CONVERSION = YES;
				CLANG_WARN_DEPRECATED_OBJC_IMPLEMENTATIONS = YES;
				CLANG_WARN_DIRECT_OBJC_ISA_USAGE = YES_ERROR;
				CLANG_WARN_DOCUMENTATION_COMMENTS = YES;
				CLANG_WARN_EMPTY_BODY = YES;
				CLANG_WARN_ENUM_CONVERSION = YES;
				CLANG_WARN_INFINITE_RECURSION = YES;
				CLANG_WARN_INT_CONVERSION = YES;
				CLANG_WARN_NON_LITERAL_NULL_CONVERSION = YES;
				CLANG_WARN_OBJC_IMPLICIT_RETAIN_SELF = YES;
				CLANG_WARN_OBJC_LITERAL_CONVERSION = YES;
				CLANG_WARN_OBJC_ROOT_CLASS = YES_ERROR;
				CLANG_WARN_QUOTED_INCLUDE_IN_FRAMEWORK_HEADER = YES;
				CLANG_WARN_RANGE_LOOP_ANALYSIS = YES;
				CLANG_WARN_STRICT_PROTOTYPES = YES;
				CLANG_WARN_SUSPICIOUS_MOVE = YES;
				CLANG_WARN_UNGUARDED_AVAILABILITY = YES_AGGRESSIVE;
				CLANG_WARN_UNREACHABLE_CODE = YES;
				CLANG_WARN__DUPLICATE_METHOD_MATCH = YES;
				COPY_PHASE_STRIP = NO;
				DEBUG_INFORMATION_FORMAT = dwarf;
				ENABLE_STRICT_OBJC_MSGSEND = YES;
				ENABLE_TESTABILITY = YES;
				GCC_C_LANGUAGE_STANDARD = gnu11;
				GCC_DYNAMIC_NO_PIC = NO;
				GCC_NO_COMMON_BLOCKS = YES;
				GCC_OPTIMIZATION_LEVEL = 0;
				GCC_PREPROCESSOR_DEFINITIONS = (
					"DEBUG=1",
					"$(inherited)",
				);
				GCC_WARN_64_TO_32_BIT_CONVERSION = YES;
				GCC_WARN_ABOUT_RETURN_TYPE = YES_ERROR;
				GCC_WARN_UNDECLARED_SELECTOR = YES;
				GCC_WARN_UNINITIALIZED_AUTOS = YES_AGGRESSIVE;
				GCC_WARN_UNUSED_FUNCTION = YES;
				GCC_WARN_UNUSED_VARIABLE = YES;
				IPHONEOS_DEPLOYMENT_TARGET = 13.0;
				MTL_ENABLE_DEBUG_INFO = INCLUDE_SOURCE;
				MTL_FAST_MATH = YES;
				ONLY_ACTIVE_ARCH = YES;
				SDKROOT = iphoneos;
				SWIFT_ACTIVE_COMPILATION_CONDITIONS = DEBUG;
				SWIFT_OPTIMIZATION_LEVEL = "-Onone";
			};
			name = Debug;
		};
		ECBCEED528E4B38400E62E4C /* Release */ = {
			isa = XCBuildConfiguration;
			buildSettings = {
				ALWAYS_SEARCH_USER_PATHS = NO;
				CLANG_ANALYZER_NONNULL = YES;
				CLANG_ANALYZER_NUMBER_OBJECT_CONVERSION = YES_AGGRESSIVE;
				CLANG_CXX_LANGUAGE_STANDARD = "gnu++20";
				CLANG_ENABLE_MODULES = YES;
				CLANG_ENABLE_OBJC_ARC = YES;
				CLANG_ENABLE_OBJC_WEAK = YES;
				CLANG_WARN_BLOCK_CAPTURE_AUTORELEASING = YES;
				CLANG_WARN_BOOL_CONVERSION = YES;
				CLANG_WARN_COMMA = YES;
				CLANG_WARN_CONSTANT_CONVERSION = YES;
				CLANG_WARN_DEPRECATED_OBJC_IMPLEMENTATIONS = YES;
				CLANG_WARN_DIRECT_OBJC_ISA_USAGE = YES_ERROR;
				CLANG_WARN_DOCUMENTATION_COMMENTS = YES;
				CLANG_WARN_EMPTY_BODY = YES;
				CLANG_WARN_ENUM_CONVERSION = YES;
				CLANG_WARN_INFINITE_RECURSION = YES;
				CLANG_WARN_INT_CONVERSION = YES;
				CLANG_WARN_NON_LITERAL_NULL_CONVERSION = YES;
				CLANG_WARN_OBJC_IMPLICIT_RETAIN_SELF = YES;
				CLANG_WARN_OBJC_LITERAL_CONVERSION = YES;
				CLANG_WARN_OBJC_ROOT_CLASS = YES_ERROR;
				CLANG_WARN_QUOTED_INCLUDE_IN_FRAMEWORK_HEADER = YES;
				CLANG_WARN_RANGE_LOOP_ANALYSIS = YES;
				CLANG_WARN_STRICT_PROTOTYPES = YES;
				CLANG_WARN_SUSPICIOUS_MOVE = YES;
				CLANG_WARN_UNGUARDED_AVAILABILITY = YES_AGGRESSIVE;
				CLANG_WARN_UNREACHABLE_CODE = YES;
				CLANG_WARN__DUPLICATE_METHOD_MATCH = YES;
				COPY_PHASE_STRIP = NO;
				DEBUG_INFORMATION_FORMAT = "dwarf-with-dsym";
				ENABLE_NS_ASSERTIONS = NO;
				ENABLE_STRICT_OBJC_MSGSEND = YES;
				GCC_C_LANGUAGE_STANDARD = gnu11;
				GCC_NO_COMMON_BLOCKS = YES;
				GCC_WARN_64_TO_32_BIT_CONVERSION = YES;
				GCC_WARN_ABOUT_RETURN_TYPE = YES_ERROR;
				GCC_WARN_UNDECLARED_SELECTOR = YES;
				GCC_WARN_UNINITIALIZED_AUTOS = YES_AGGRESSIVE;
				GCC_WARN_UNUSED_FUNCTION = YES;
				GCC_WARN_UNUSED_VARIABLE = YES;
				IPHONEOS_DEPLOYMENT_TARGET = 13.0;
				MTL_ENABLE_DEBUG_INFO = NO;
				MTL_FAST_MATH = YES;
				SDKROOT = iphoneos;
				SWIFT_COMPILATION_MODE = wholemodule;
				SWIFT_OPTIMIZATION_LEVEL = "-O";
				VALIDATE_PRODUCT = YES;
			};
			name = Release;
		};
		ECBCEED728E4B38400E62E4C /* Debug */ = {
			isa = XCBuildConfiguration;
			buildSettings = {
				ASSETCATALOG_COMPILER_APPICON_NAME = AppIcon;
				ASSETCATALOG_COMPILER_GLOBAL_ACCENT_COLOR_NAME = AccentColor;
				CODE_SIGN_STYLE = Automatic;
				CURRENT_PROJECT_VERSION = 1;
				DEVELOPMENT_TEAM = DTN97VNT76;
				GENERATE_INFOPLIST_FILE = YES;
				INFOPLIST_FILE = CompositionalLayout/Resources/Info.plist;
				INFOPLIST_KEY_UIApplicationSupportsIndirectInputEvents = YES;
				INFOPLIST_KEY_UILaunchStoryboardName = LaunchScreen;
				INFOPLIST_KEY_UIMainStoryboardFile = "";
				INFOPLIST_KEY_UISupportedInterfaceOrientations_iPad = "UIInterfaceOrientationPortrait UIInterfaceOrientationPortraitUpsideDown UIInterfaceOrientationLandscapeLeft UIInterfaceOrientationLandscapeRight";
				INFOPLIST_KEY_UISupportedInterfaceOrientations_iPhone = "UIInterfaceOrientationPortrait UIInterfaceOrientationLandscapeLeft UIInterfaceOrientationLandscapeRight";
				IPHONEOS_DEPLOYMENT_TARGET = 13.0;
				LD_RUNPATH_SEARCH_PATHS = (
					"$(inherited)",
					"@executable_path/Frameworks",
				);
				MARKETING_VERSION = 1.0;
				PRODUCT_BUNDLE_IDENTIFIER = com.maxhmelev.CompositionalLayout;
				PRODUCT_NAME = "$(TARGET_NAME)";
				SWIFT_EMIT_LOC_STRINGS = YES;
				SWIFT_VERSION = 5.0;
				TARGETED_DEVICE_FAMILY = "1,2";
			};
			name = Debug;
		};
		ECBCEED828E4B38400E62E4C /* Release */ = {
			isa = XCBuildConfiguration;
			buildSettings = {
				ASSETCATALOG_COMPILER_APPICON_NAME = AppIcon;
				ASSETCATALOG_COMPILER_GLOBAL_ACCENT_COLOR_NAME = AccentColor;
				CODE_SIGN_STYLE = Automatic;
				CURRENT_PROJECT_VERSION = 1;
				DEVELOPMENT_TEAM = DTN97VNT76;
				GENERATE_INFOPLIST_FILE = YES;
				INFOPLIST_FILE = CompositionalLayout/Resources/Info.plist;
				INFOPLIST_KEY_UIApplicationSupportsIndirectInputEvents = YES;
				INFOPLIST_KEY_UILaunchStoryboardName = LaunchScreen;
				INFOPLIST_KEY_UIMainStoryboardFile = "";
				INFOPLIST_KEY_UISupportedInterfaceOrientations_iPad = "UIInterfaceOrientationPortrait UIInterfaceOrientationPortraitUpsideDown UIInterfaceOrientationLandscapeLeft UIInterfaceOrientationLandscapeRight";
				INFOPLIST_KEY_UISupportedInterfaceOrientations_iPhone = "UIInterfaceOrientationPortrait UIInterfaceOrientationLandscapeLeft UIInterfaceOrientationLandscapeRight";
				IPHONEOS_DEPLOYMENT_TARGET = 13.0;
				LD_RUNPATH_SEARCH_PATHS = (
					"$(inherited)",
					"@executable_path/Frameworks",
				);
				MARKETING_VERSION = 1.0;
				PRODUCT_BUNDLE_IDENTIFIER = com.maxhmelev.CompositionalLayout;
				PRODUCT_NAME = "$(TARGET_NAME)";
				SWIFT_EMIT_LOC_STRINGS = YES;
				SWIFT_VERSION = 5.0;
				TARGETED_DEVICE_FAMILY = "1,2";
			};
			name = Release;
		};
/* End XCBuildConfiguration section */

/* Begin XCConfigurationList section */
		ECBCEEBD28E4B38300E62E4C /* Build configuration list for PBXProject "CompositionalLayout" */ = {
			isa = XCConfigurationList;
			buildConfigurations = (
				ECBCEED428E4B38400E62E4C /* Debug */,
				ECBCEED528E4B38400E62E4C /* Release */,
			);
			defaultConfigurationIsVisible = 0;
			defaultConfigurationName = Release;
		};
		ECBCEED628E4B38400E62E4C /* Build configuration list for PBXNativeTarget "CompositionalLayout" */ = {
			isa = XCConfigurationList;
			buildConfigurations = (
				ECBCEED728E4B38400E62E4C /* Debug */,
				ECBCEED828E4B38400E62E4C /* Release */,
			);
			defaultConfigurationIsVisible = 0;
			defaultConfigurationName = Release;
		};
/* End XCConfigurationList section */
	};
	rootObject = ECBCEEBA28E4B38300E62E4C /* Project object */;
}
